
Microsoft Visual Studio Solution File, Format Version 12.00
# Visual Studio Version 17
VisualStudioVersion = 17.5.33424.131
MinimumVisualStudioVersion = 10.0.40219.1
Project("{9A19103F-16F7-4668-BE54-9A1E7A4F7556}") = "DiscordChatGPTBot", "DiscordChatGPTBot\DiscordChatGPTBot.csproj", "{80F73E57-8AC3-4D61-B671-15CB253A7D44}"
EndProject
Project("{2150E333-8FDC-42A3-9474-1A3956D46DE8}") = "Solution Items", "Solution Items", "{C7EE682C-42B5-40F4-B959-F717BBBF72A8}"
	ProjectSection(SolutionItems) = preProject
		docker-compose.yml = docker-compose.yml
		Dockerfile = Dockerfile
		LICENSE.txt = LICENSE.txt
		README.md = README.md
	EndProjectSection
EndProject
Global
	GlobalSection(SolutionConfigurationPlatforms) = preSolution
		Debug|Any CPU = Debug|Any CPU
		Release|Any CPU = Release|Any CPU
	EndGlobalSection
	GlobalSection(ProjectConfigurationPlatforms) = postSolution
		{80F73E57-8AC3-4D61-B671-15CB253A7D44}.Debug|Any CPU.ActiveCfg = Debug|Any CPU
		{80F73E57-8AC3-4D61-B671-15CB253A7D44}.Debug|Any CPU.Build.0 = Debug|Any CPU
		{80F73E57-8AC3-4D61-B671-15CB253A7D44}.Release|Any CPU.ActiveCfg = Release|Any CPU
		{80F73E57-8AC3-4D61-B671-15CB253A7D44}.Release|Any CPU.Build.0 = Release|Any CPU
	EndGlobalSection
	GlobalSection(SolutionProperties) = preSolution
		HideSolutionNode = FALSE
	EndGlobalSection
	GlobalSection(ExtensibilityGlobals) = postSolution
		SolutionGuid = {C5F0EF71-F6A6-4FD8-ACD7-7D2FABC4F14A}
	EndGlobalSection
EndGlobal
